
Microsoft Visual Studio Solution File, Format Version 12.00
# Visual Studio Version 17
VisualStudioVersion = 17.1.32210.238
MinimumVisualStudioVersion = 10.0.40219.1
Project("{FAE04EC0-301F-11D3-BF4B-00C04F79EFBC}") = "ProjetoArvore", "ProjetoArvore\ProjetoArvore.csproj", "{2686B6C8-A0B5-4540-BC89-83987F3D6A02}"
EndProject
Project("{FAE04EC0-301F-11D3-BF4B-00C04F79EFBC}") = "TesteProjetoArvore", "TesteProjetoArvore\TesteProjetoArvore.csproj", "{B40BF877-8D3D-45FB-B33D-93E469ABF5DB}"
EndProject
Global
	GlobalSection(SolutionConfigurationPlatforms) = preSolution
		Debug|Any CPU = Debug|Any CPU
		Release|Any CPU = Release|Any CPU
	EndGlobalSection
	GlobalSection(ProjectConfigurationPlatforms) = postSolution
		{2686B6C8-A0B5-4540-BC89-83987F3D6A02}.Debug|Any CPU.ActiveCfg = Debug|Any CPU
		{2686B6C8-A0B5-4540-BC89-83987F3D6A02}.Debug|Any CPU.Build.0 = Debug|Any CPU
		{2686B6C8-A0B5-4540-BC89-83987F3D6A02}.Release|Any CPU.ActiveCfg = Release|Any CPU
		{2686B6C8-A0B5-4540-BC89-83987F3D6A02}.Release|Any CPU.Build.0 = Release|Any CPU
		{B40BF877-8D3D-45FB-B33D-93E469ABF5DB}.Debug|Any CPU.ActiveCfg = Debug|Any CPU
		{B40BF877-8D3D-45FB-B33D-93E469ABF5DB}.Debug|Any CPU.Build.0 = Debug|Any CPU
		{B40BF877-8D3D-45FB-B33D-93E469ABF5DB}.Release|Any CPU.ActiveCfg = Release|Any CPU
		{B40BF877-8D3D-45FB-B33D-93E469ABF5DB}.Release|Any CPU.Build.0 = Release|Any CPU
	EndGlobalSection
	GlobalSection(SolutionProperties) = preSolution
		HideSolutionNode = FALSE
	EndGlobalSection
	GlobalSection(ExtensibilityGlobals) = postSolution
		SolutionGuid = {F1F82C33-2194-4FBE-A822-FF290717B0D5}
	EndGlobalSection
EndGlobal
